
Microsoft Visual Studio Solution File, Format Version 12.00
# Visual Studio 15
VisualStudioVersion = 15.0.28307.852
MinimumVisualStudioVersion = 10.0.40219.1
Project("{9A19103F-16F7-4668-BE54-9A1E7A4F7556}") = "ABCBookstore", "ABCBookstore.csproj", "{CC57DF8E-B341-4506-BB6B-EDD7C43AE73E}"
EndProject
Global
	GlobalSection(SolutionConfigurationPlatforms) = preSolution
		Debug|Any CPU = Debug|Any CPU
		Release|Any CPU = Release|Any CPU
	EndGlobalSection
	GlobalSection(ProjectConfigurationPlatforms) = postSolution
		{CC57DF8E-B341-4506-BB6B-EDD7C43AE73E}.Debug|Any CPU.ActiveCfg = Debug|Any CPU
		{CC57DF8E-B341-4506-BB6B-EDD7C43AE73E}.Debug|Any CPU.Build.0 = Debug|Any CPU
		{CC57DF8E-B341-4506-BB6B-EDD7C43AE73E}.Release|Any CPU.ActiveCfg = Release|Any CPU
		{CC57DF8E-B341-4506-BB6B-EDD7C43AE73E}.Release|Any CPU.Build.0 = Release|Any CPU
	EndGlobalSection
	GlobalSection(SolutionProperties) = preSolution
		HideSolutionNode = FALSE
	EndGlobalSection
	GlobalSection(ExtensibilityGlobals) = postSolution
		SolutionGuid = {42C37974-B5D3-4532-8240-5C5BF0C35652}
	EndGlobalSection
EndGlobal
